{
  "object": {
    "pins": [
      {
        "package": "VideoKit",
        "repositoryURL": "https://github.com/Video-io/VideoKit-iOS",
        "state": {
          "branch": null,
          "revision": "a4e80d42a1d2f8f8ff10c31e5ee6bbf2b92c45d7",
          "version": "1.0.9"
        }
      }
    ]
  },
  "version": 1
}
