{
  "object": {
    "pins": [
      {
        "package": "VideoKit",
        "repositoryURL": "https://github.com/Video-io/VideoKit-iOS",
        "state": {
          "branch": null,
          "revision": "97be7e2e3ed1573afb00a3e7b87bbf194da9750d",
          "version": "1.0.8"
        }
      }
    ]
  },
  "version": 1
}
