{
  "object": {
    "pins": [
      {
        "package": "VideoKit",
        "repositoryURL": "https://github.com/Video-io/VideoKit-iOS",
        "state": {
          "branch": "main",
          "revision": "4fdcde875fb29872d9519333100906dd735aa6aa",
          "version": null
        }
      }
    ]
  },
  "version": 1
}
